
Microsoft Visual Studio Solution File, Format Version 12.00
# Visual Studio Version 16
VisualStudioVersion = 16.0.31729.503
MinimumVisualStudioVersion = 10.0.40219.1
Project("{FAE04EC0-301F-11D3-BF4B-00C04F79EFBC}") = "EjercicioTablero.Consola", "EjercicioTablero.Consola\EjercicioTablero.Consola.csproj", "{352346B6-BA57-4011-A673-66C6395A754C}"
EndProject
Project("{FAE04EC0-301F-11D3-BF4B-00C04F79EFBC}") = "EjercicioTablero.Negocio", "EjercicioTablero.Negocio\EjercicioTablero.Negocio.csproj", "{8065DE0E-DDA7-4485-BB55-FDA952783C6D}"
EndProject
Global
	GlobalSection(SolutionConfigurationPlatforms) = preSolution
		Debug|Any CPU = Debug|Any CPU
		Release|Any CPU = Release|Any CPU
	EndGlobalSection
	GlobalSection(ProjectConfigurationPlatforms) = postSolution
		{352346B6-BA57-4011-A673-66C6395A754C}.Debug|Any CPU.ActiveCfg = Debug|Any CPU
		{352346B6-BA57-4011-A673-66C6395A754C}.Debug|Any CPU.Build.0 = Debug|Any CPU
		{352346B6-BA57-4011-A673-66C6395A754C}.Release|Any CPU.ActiveCfg = Release|Any CPU
		{352346B6-BA57-4011-A673-66C6395A754C}.Release|Any CPU.Build.0 = Release|Any CPU
		{8065DE0E-DDA7-4485-BB55-FDA952783C6D}.Debug|Any CPU.ActiveCfg = Debug|Any CPU
		{8065DE0E-DDA7-4485-BB55-FDA952783C6D}.Debug|Any CPU.Build.0 = Debug|Any CPU
		{8065DE0E-DDA7-4485-BB55-FDA952783C6D}.Release|Any CPU.ActiveCfg = Release|Any CPU
		{8065DE0E-DDA7-4485-BB55-FDA952783C6D}.Release|Any CPU.Build.0 = Release|Any CPU
	EndGlobalSection
	GlobalSection(SolutionProperties) = preSolution
		HideSolutionNode = FALSE
	EndGlobalSection
	GlobalSection(ExtensibilityGlobals) = postSolution
		SolutionGuid = {F90F7E4C-9356-4D7F-BCC3-B222F73E1404}
	EndGlobalSection
EndGlobal
